
Microsoft Visual Studio Solution File, Format Version 12.00
# Visual Studio 15
VisualStudioVersion = 15.0.28010.2003
MinimumVisualStudioVersion = 10.0.40219.1
Project("{8BC9CEB8-8B4A-11D0-8D11-00A0C91BC942}") = "PlainAndTexture", "PlainAndTexture\PlainAndTexture.vcxproj", "{49BCA748-89A7-4DEA-B37E-EC7D7096BE18}"
EndProject
Global
	GlobalSection(SolutionConfigurationPlatforms) = preSolution
		Debug|x64 = Debug|x64
		Debug|x86 = Debug|x86
		Release|x64 = Release|x64
		Release|x86 = Release|x86
	EndGlobalSection
	GlobalSection(ProjectConfigurationPlatforms) = postSolution
		{49BCA748-89A7-4DEA-B37E-EC7D7096BE18}.Debug|x64.ActiveCfg = Debug|x64
		{49BCA748-89A7-4DEA-B37E-EC7D7096BE18}.Debug|x64.Build.0 = Debug|x64
		{49BCA748-89A7-4DEA-B37E-EC7D7096BE18}.Debug|x86.ActiveCfg = Debug|Win32
		{49BCA748-89A7-4DEA-B37E-EC7D7096BE18}.Debug|x86.Build.0 = Debug|Win32
		{49BCA748-89A7-4DEA-B37E-EC7D7096BE18}.Release|x64.ActiveCfg = Release|x64
		{49BCA748-89A7-4DEA-B37E-EC7D7096BE18}.Release|x64.Build.0 = Release|x64
		{49BCA748-89A7-4DEA-B37E-EC7D7096BE18}.Release|x86.ActiveCfg = Release|Win32
		{49BCA748-89A7-4DEA-B37E-EC7D7096BE18}.Release|x86.Build.0 = Release|Win32
	EndGlobalSection
	GlobalSection(SolutionProperties) = preSolution
		HideSolutionNode = FALSE
	EndGlobalSection
	GlobalSection(ExtensibilityGlobals) = postSolution
		SolutionGuid = {8A8E29A4-DC9C-4113-9FB8-0153EB02FA3F}
	EndGlobalSection
EndGlobal
